
Microsoft Visual Studio Solution File, Format Version 12.00
# Visual Studio Version 17
VisualStudioVersion = 17.2.32602.215
MinimumVisualStudioVersion = 10.0.40219.1
Project("{2150E333-8FDC-42A3-9474-1A3956D46DE8}") = "src", "src", "{FAC19B22-C713-49F9-BA6B-FF0010DC36E3}"
EndProject
Project("{9A19103F-16F7-4668-BE54-9A1E7A4F7556}") = "MultiTenants.IdentityServer", "src\MultiTenants.IdentityServer\MultiTenants.IdentityServer.csproj", "{11B67572-A9EE-4101-BDFB-CF8F2A8BA17F}"
EndProject
Project("{9A19103F-16F7-4668-BE54-9A1E7A4F7556}") = "MultiTenants.Web", "src\MultiTenants.Web\MultiTenants.Web.csproj", "{11CA637A-1605-4A11-A4CC-CD300E8851A9}"
EndProject
Global
	GlobalSection(SolutionConfigurationPlatforms) = preSolution
		Debug|Any CPU = Debug|Any CPU
		Release|Any CPU = Release|Any CPU
	EndGlobalSection
	GlobalSection(ProjectConfigurationPlatforms) = postSolution
		{11B67572-A9EE-4101-BDFB-CF8F2A8BA17F}.Debug|Any CPU.ActiveCfg = Debug|Any CPU
		{11B67572-A9EE-4101-BDFB-CF8F2A8BA17F}.Debug|Any CPU.Build.0 = Debug|Any CPU
		{11B67572-A9EE-4101-BDFB-CF8F2A8BA17F}.Release|Any CPU.ActiveCfg = Release|Any CPU
		{11B67572-A9EE-4101-BDFB-CF8F2A8BA17F}.Release|Any CPU.Build.0 = Release|Any CPU
		{11CA637A-1605-4A11-A4CC-CD300E8851A9}.Debug|Any CPU.ActiveCfg = Debug|Any CPU
		{11CA637A-1605-4A11-A4CC-CD300E8851A9}.Debug|Any CPU.Build.0 = Debug|Any CPU
		{11CA637A-1605-4A11-A4CC-CD300E8851A9}.Release|Any CPU.ActiveCfg = Release|Any CPU
		{11CA637A-1605-4A11-A4CC-CD300E8851A9}.Release|Any CPU.Build.0 = Release|Any CPU
	EndGlobalSection
	GlobalSection(SolutionProperties) = preSolution
		HideSolutionNode = FALSE
	EndGlobalSection
	GlobalSection(NestedProjects) = preSolution
		{11B67572-A9EE-4101-BDFB-CF8F2A8BA17F} = {FAC19B22-C713-49F9-BA6B-FF0010DC36E3}
		{11CA637A-1605-4A11-A4CC-CD300E8851A9} = {FAC19B22-C713-49F9-BA6B-FF0010DC36E3}
	EndGlobalSection
	GlobalSection(ExtensibilityGlobals) = postSolution
		SolutionGuid = {E27F16E0-D3C0-4FBF-89E3-CA00E110729A}
	EndGlobalSection
EndGlobal
